
Microsoft Visual Studio Solution File, Format Version 12.00
# Visual Studio Version 17
VisualStudioVersion = 17.11.35303.130
MinimumVisualStudioVersion = 10.0.40219.1
Project("{FAE04EC0-301F-11D3-BF4B-00C04F79EFBC}") = "FlashlightApp", "FlashlightApp.csproj", "{D0A4E6CA-055D-4DB1-AA41-B37C592F9242}"
EndProject
Global
	GlobalSection(SolutionConfigurationPlatforms) = preSolution
		Debug|Any CPU = Debug|Any CPU
		Release|Any CPU = Release|Any CPU
	EndGlobalSection
	GlobalSection(ProjectConfigurationPlatforms) = postSolution
		{D0A4E6CA-055D-4DB1-AA41-B37C592F9242}.Debug|Any CPU.ActiveCfg = Debug|Any CPU
		{D0A4E6CA-055D-4DB1-AA41-B37C592F9242}.Debug|Any CPU.Build.0 = Debug|Any CPU
		{D0A4E6CA-055D-4DB1-AA41-B37C592F9242}.Debug|Any CPU.Deploy.0 = Debug|Any CPU
		{D0A4E6CA-055D-4DB1-AA41-B37C592F9242}.Release|Any CPU.ActiveCfg = Release|Any CPU
		{D0A4E6CA-055D-4DB1-AA41-B37C592F9242}.Release|Any CPU.Build.0 = Release|Any CPU
		{D0A4E6CA-055D-4DB1-AA41-B37C592F9242}.Release|Any CPU.Deploy.0 = Release|Any CPU
	EndGlobalSection
	GlobalSection(SolutionProperties) = preSolution
		HideSolutionNode = FALSE
	EndGlobalSection
	GlobalSection(ExtensibilityGlobals) = postSolution
		SolutionGuid = {B2EBAEDE-6564-49AF-B2D5-B3CDDB1B15D8}
	EndGlobalSection
EndGlobal
